
Microsoft Visual Studio Solution File, Format Version 12.00
# Visual Studio 15
VisualStudioVersion = 15.0.27004.2002
MinimumVisualStudioVersion = 10.0.40219.1
Project("{8BC9CEB8-8B4A-11D0-8D11-00A0C91BC942}") = "lab-oct18", "lab-oct18\lab-oct18.vcxproj", "{EBA4263E-7F90-4F60-8554-7FC827A20E98}"
EndProject
Global
	GlobalSection(SolutionConfigurationPlatforms) = preSolution
		Debug|x64 = Debug|x64
		Debug|x86 = Debug|x86
		Release|x64 = Release|x64
		Release|x86 = Release|x86
	EndGlobalSection
	GlobalSection(ProjectConfigurationPlatforms) = postSolution
		{EBA4263E-7F90-4F60-8554-7FC827A20E98}.Debug|x64.ActiveCfg = Debug|x64
		{EBA4263E-7F90-4F60-8554-7FC827A20E98}.Debug|x64.Build.0 = Debug|x64
		{EBA4263E-7F90-4F60-8554-7FC827A20E98}.Debug|x86.ActiveCfg = Debug|Win32
		{EBA4263E-7F90-4F60-8554-7FC827A20E98}.Debug|x86.Build.0 = Debug|Win32
		{EBA4263E-7F90-4F60-8554-7FC827A20E98}.Release|x64.ActiveCfg = Release|x64
		{EBA4263E-7F90-4F60-8554-7FC827A20E98}.Release|x64.Build.0 = Release|x64
		{EBA4263E-7F90-4F60-8554-7FC827A20E98}.Release|x86.ActiveCfg = Release|Win32
		{EBA4263E-7F90-4F60-8554-7FC827A20E98}.Release|x86.Build.0 = Release|Win32
	EndGlobalSection
	GlobalSection(SolutionProperties) = preSolution
		HideSolutionNode = FALSE
	EndGlobalSection
	GlobalSection(ExtensibilityGlobals) = postSolution
		SolutionGuid = {ACA82C41-B911-4252-BA6C-1CC8BCB72EB3}
	EndGlobalSection
EndGlobal
