
Microsoft Visual Studio Solution File, Format Version 12.00
# Visual Studio 15
VisualStudioVersion = 15.0.26730.16
MinimumVisualStudioVersion = 10.0.40219.1
Project("{8BC9CEB8-8B4A-11D0-8D11-00A0C91BC942}") = "HW3", "HW3\HW3.vcxproj", "{39F30485-932A-484C-B408-63EFD0B25C5F}"
EndProject
Global
	GlobalSection(SolutionConfigurationPlatforms) = preSolution
		Debug|x64 = Debug|x64
		Debug|x86 = Debug|x86
		Release|x64 = Release|x64
		Release|x86 = Release|x86
	EndGlobalSection
	GlobalSection(ProjectConfigurationPlatforms) = postSolution
		{39F30485-932A-484C-B408-63EFD0B25C5F}.Debug|x64.ActiveCfg = Debug|x64
		{39F30485-932A-484C-B408-63EFD0B25C5F}.Debug|x64.Build.0 = Debug|x64
		{39F30485-932A-484C-B408-63EFD0B25C5F}.Debug|x86.ActiveCfg = Debug|Win32
		{39F30485-932A-484C-B408-63EFD0B25C5F}.Debug|x86.Build.0 = Debug|Win32
		{39F30485-932A-484C-B408-63EFD0B25C5F}.Release|x64.ActiveCfg = Release|x64
		{39F30485-932A-484C-B408-63EFD0B25C5F}.Release|x64.Build.0 = Release|x64
		{39F30485-932A-484C-B408-63EFD0B25C5F}.Release|x86.ActiveCfg = Release|Win32
		{39F30485-932A-484C-B408-63EFD0B25C5F}.Release|x86.Build.0 = Release|Win32
	EndGlobalSection
	GlobalSection(SolutionProperties) = preSolution
		HideSolutionNode = FALSE
	EndGlobalSection
	GlobalSection(ExtensibilityGlobals) = postSolution
		SolutionGuid = {B88BBBA0-7588-49DA-B204-E5FF70C3BCE4}
	EndGlobalSection
EndGlobal
